{
  "name": "view",
  "version": "1.0.0",
  "lockfileVersion": 1,
  "requires": true,
  "dependencies": {
    "scrollbooster": {
      "version": "2.3.0",
      "resolved": "https://registry.npmjs.org/scrollbooster/-/scrollbooster-2.3.0.tgz",
      "integrity": "sha512-g8hIxf6ucXbhhYwa2nRLdvJPceZtvfujGh+A6A1NotR7DOVmLAsY4r5SMfKfnrcodZVAZpXXZwpYeoShjN8nWQ=="
    }
  }
}
